
Microsoft Visual Studio Solution File, Format Version 12.00
# Visual Studio Version 17
VisualStudioVersion = 17.6.33829.357
MinimumVisualStudioVersion = 10.0.40219.1
Project("{2150E333-8FDC-42A3-9474-1A3956D46DE8}") = "SolutionItems", "SolutionItems", "{4D629B90-DE71-4513-A201-47158A4B9689}"
	ProjectSection(SolutionItems) = preProject
		.gitignore = .gitignore
	EndProjectSection
EndProject
Project("{FAE04EC0-301F-11D3-BF4B-00C04F79EFBC}") = "HackerNewsApi.Host", "src\HackerNewsApi.Host\HackerNewsApi.Host.csproj", "{64F1299B-E9F2-4A54-A45C-B303F5A05D52}"
EndProject
Global
	GlobalSection(SolutionConfigurationPlatforms) = preSolution
		Debug|Any CPU = Debug|Any CPU
		Release|Any CPU = Release|Any CPU
	EndGlobalSection
	GlobalSection(ProjectConfigurationPlatforms) = postSolution
		{64F1299B-E9F2-4A54-A45C-B303F5A05D52}.Debug|Any CPU.ActiveCfg = Debug|Any CPU
		{64F1299B-E9F2-4A54-A45C-B303F5A05D52}.Debug|Any CPU.Build.0 = Debug|Any CPU
		{64F1299B-E9F2-4A54-A45C-B303F5A05D52}.Release|Any CPU.ActiveCfg = Release|Any CPU
		{64F1299B-E9F2-4A54-A45C-B303F5A05D52}.Release|Any CPU.Build.0 = Release|Any CPU
	EndGlobalSection
	GlobalSection(SolutionProperties) = preSolution
		HideSolutionNode = FALSE
	EndGlobalSection
	GlobalSection(ExtensibilityGlobals) = postSolution
		SolutionGuid = {ADC04192-0841-48CA-9FF4-CA54E9CCB64D}
	EndGlobalSection
EndGlobal
